
Microsoft Visual Studio Solution File, Format Version 12.00
# Visual Studio Version 16
VisualStudioVersion = 16.0.30204.135
MinimumVisualStudioVersion = 10.0.40219.1
Project("{F184B08F-C81C-45F6-A57F-5ABD9991F28F}") = "TestCreateHelper", "TestCreateHelper\TestCreateHelper.vbproj", "{C31A8109-7E72-4738-A95A-467CC81E7BE2}"
EndProject
Global
	GlobalSection(SolutionConfigurationPlatforms) = preSolution
		Debug|Any CPU = Debug|Any CPU
		Release|Any CPU = Release|Any CPU
	EndGlobalSection
	GlobalSection(ProjectConfigurationPlatforms) = postSolution
		{C31A8109-7E72-4738-A95A-467CC81E7BE2}.Debug|Any CPU.ActiveCfg = Debug|Any CPU
		{C31A8109-7E72-4738-A95A-467CC81E7BE2}.Debug|Any CPU.Build.0 = Debug|Any CPU
		{C31A8109-7E72-4738-A95A-467CC81E7BE2}.Release|Any CPU.ActiveCfg = Release|Any CPU
		{C31A8109-7E72-4738-A95A-467CC81E7BE2}.Release|Any CPU.Build.0 = Release|Any CPU
	EndGlobalSection
	GlobalSection(SolutionProperties) = preSolution
		HideSolutionNode = FALSE
	EndGlobalSection
	GlobalSection(ExtensibilityGlobals) = postSolution
		SolutionGuid = {633FD280-6EF8-4E3F-BFE4-447F9DAC06B7}
	EndGlobalSection
EndGlobal
